
Microsoft Visual Studio Solution File, Format Version 12.00
# Visual Studio Version 17
VisualStudioVersion = 17.9.34622.214
MinimumVisualStudioVersion = 10.0.40219.1
Project("{FAE04EC0-301F-11D3-BF4B-00C04F79EFBC}") = "CloudDevAssign1", "CloudDevAssign1\CloudDevAssign1.csproj", "{92FBF3F0-C815-48B2-9AB1-E69FD1734CFA}"
EndProject
Global
	GlobalSection(SolutionConfigurationPlatforms) = preSolution
		Debug|Any CPU = Debug|Any CPU
		Release|Any CPU = Release|Any CPU
	EndGlobalSection
	GlobalSection(ProjectConfigurationPlatforms) = postSolution
		{92FBF3F0-C815-48B2-9AB1-E69FD1734CFA}.Debug|Any CPU.ActiveCfg = Debug|Any CPU
		{92FBF3F0-C815-48B2-9AB1-E69FD1734CFA}.Debug|Any CPU.Build.0 = Debug|Any CPU
		{92FBF3F0-C815-48B2-9AB1-E69FD1734CFA}.Release|Any CPU.ActiveCfg = Release|Any CPU
		{92FBF3F0-C815-48B2-9AB1-E69FD1734CFA}.Release|Any CPU.Build.0 = Release|Any CPU
	EndGlobalSection
	GlobalSection(SolutionProperties) = preSolution
		HideSolutionNode = FALSE
	EndGlobalSection
	GlobalSection(ExtensibilityGlobals) = postSolution
		SolutionGuid = {78C3C21F-201C-4059-8086-D522BB041DCF}
	EndGlobalSection
EndGlobal
